// !$*UTF8*$!
{
	archiveVersion = 1;
	classes = {
	};
	objectVersion = 50;
	objects = {

/* Begin PBXBuildFile section */
		7AD96114219935FE008C93B2 /* AppDelegate.m in Sources */ = {isa = PBXBuildFile; fileRef = 7AD96113219935FE008C93B2 /* AppDelegate.m */; };
		7AD9611A219935FE008C93B2 /* Main.storyboard in Resources */ = {isa = PBXBuildFile; fileRef = 7AD96118219935FE008C93B2 /* Main.storyboard */; };
		7AD9611C21993600008C93B2 /* Assets.xcassets in Resources */ = {isa = PBXBuildFile; fileRef = 7AD9611B21993600008C93B2 /* Assets.xcassets */; };
		7AD9611F21993600008C93B2 /* LaunchScreen.storyboard in Resources */ = {isa = PBXBuildFile; fileRef = 7AD9611D21993600008C93B2 /* LaunchScreen.storyboard */; };
		7AD9612221993600008C93B2 /* main.m in Sources */ = {isa = PBXBuildFile; fileRef = 7AD9612121993600008C93B2 /* main.m */; };
		7AD9612D219936AF008C93B2 /* DragonCurveViewController.m in Sources */ = {isa = PBXBuildFile; fileRef = 7AD9612C219936AF008C93B2 /* DragonCurveViewController.m */; };
		7AD9613021993704008C93B2 /* DragonView.m in Sources */ = {isa = PBXBuildFile; fileRef = 7AD9612F21993704008C93B2 /* DragonView.m */; };
		7AD9613421993723008C93B2 /* DragonCurve.m in Sources */ = {isa = PBXBuildFile; fileRef = 7AD9613221993723008C93B2 /* DragonCurve.m */; };
/* End PBXBuildFile section */

/* Begin PBXFileReference section */
		7AD9610F219935FE008C93B2 /* Assignment02.app */ = {isa = PBXFileReference; explicitFileType = wrapper.application; includeInIndex = 0; path = Assignment02.app; sourceTree = BUILT_PRODUCTS_DIR; };
		7AD96112219935FE008C93B2 /* AppDelegate.h */ = {isa = PBXFileReference; lastKnownFileType = sourcecode.c.h; path = AppDelegate.h; sourceTree = "<group>"; };
		7AD96113219935FE008C93B2 /* AppDelegate.m */ = {isa = PBXFileReference; lastKnownFileType = sourcecode.c.objc; path = AppDelegate.m; sourceTree = "<group>"; };
		7AD96119219935FE008C93B2 /* Base */ = {isa = PBXFileReference; lastKnownFileType = file.storyboard; name = Base; path = Base.lproj/Main.storyboard; sourceTree = "<group>"; };
		7AD9611B21993600008C93B2 /* Assets.xcassets */ = {isa = PBXFileReference; lastKnownFileType = folder.assetcatalog; path = Assets.xcassets; sourceTree = "<group>"; };
		7AD9611E21993600008C93B2 /* Base */ = {isa = PBXFileReference; lastKnownFileType = file.storyboard; name = Base; path = Base.lproj/LaunchScreen.storyboard; sourceTree = "<group>"; };
		7AD9612021993600008C93B2 /* Info.plist */ = {isa = PBXFileReference; lastKnownFileType = text.plist.xml; path = Info.plist; sourceTree = "<group>"; };
		7AD9612121993600008C93B2 /* main.m */ = {isa = PBXFileReference; lastKnownFileType = sourcecode.c.objc; path = main.m; sourceTree = "<group>"; };
		7AD9612B219936AF008C93B2 /* DragonCurveViewController.h */ = {isa = PBXFileReference; lastKnownFileType = sourcecode.c.h; path = DragonCurveViewController.h; sourceTree = "<group>"; };
		7AD9612C219936AF008C93B2 /* DragonCurveViewController.m */ = {isa = PBXFileReference; lastKnownFileType = sourcecode.c.objc; path = DragonCurveViewController.m; sourceTree = "<group>"; };
		7AD9612E21993704008C93B2 /* DragonView.h */ = {isa = PBXFileReference; lastKnownFileType = sourcecode.c.h; path = DragonView.h; sourceTree = "<group>"; };
		7AD9612F21993704008C93B2 /* DragonView.m */ = {isa = PBXFileReference; lastKnownFileType = sourcecode.c.objc; path = DragonView.m; sourceTree = "<group>"; };
		7AD9613121993723008C93B2 /* DragonCurve.h */ = {isa = PBXFileReference; fileEncoding = 4; lastKnownFileType = sourcecode.c.h; path = DragonCurve.h; sourceTree = "<group>"; };
		7AD9613221993723008C93B2 /* DragonCurve.m */ = {isa = PBXFileReference; fileEncoding = 4; lastKnownFileType = sourcecode.c.objc; path = DragonCurve.m; sourceTree = "<group>"; };
		7AD9613321993723008C93B2 /* Direction.h */ = {isa = PBXFileReference; fileEncoding = 4; lastKnownFileType = sourcecode.c.h; path = Direction.h; sourceTree = "<group>"; };
/* End PBXFileReference section */

/* Begin PBXFrameworksBuildPhase section */
		7AD9610C219935FE008C93B2 /* Frameworks */ = {
			isa = PBXFrameworksBuildPhase;
			buildActionMask = 2147483647;
			files = (
			);
			runOnlyForDeploymentPostprocessing = 0;
		};
/* End PBXFrameworksBuildPhase section */

/* Begin PBXGroup section */
		7AD96106219935FE008C93B2 = {
			isa = PBXGroup;
			children = (
				7AD96111219935FE008C93B2 /* Assignment02 */,
				7AD96110219935FE008C93B2 /* Products */,
			);
			sourceTree = "<group>";
		};
		7AD96110219935FE008C93B2 /* Products */ = {
			isa = PBXGroup;
			children = (
				7AD9610F219935FE008C93B2 /* Assignment02.app */,
			);
			name = Products;
			sourceTree = "<group>";
		};
		7AD96111219935FE008C93B2 /* Assignment02 */ = {
			isa = PBXGroup;
			children = (
				7AD9612A2199368D008C93B2 /* Controller */,
				7AD9612921993689008C93B2 /* View */,
				7AD9612821993679008C93B2 /* Model */,
				7AD96112219935FE008C93B2 /* AppDelegate.h */,
				7AD96113219935FE008C93B2 /* AppDelegate.m */,
				7AD9611B21993600008C93B2 /* Assets.xcassets */,
				7AD9611D21993600008C93B2 /* LaunchScreen.storyboard */,
				7AD9612021993600008C93B2 /* Info.plist */,
				7AD9612121993600008C93B2 /* main.m */,
			);
			path = Assignment02;
			sourceTree = "<group>";
		};
		7AD9612821993679008C93B2 /* Model */ = {
			isa = PBXGroup;
			children = (
				7AD9613321993723008C93B2 /* Direction.h */,
				7AD9613121993723008C93B2 /* DragonCurve.h */,
				7AD9613221993723008C93B2 /* DragonCurve.m */,
			);
			path = Model;
			sourceTree = "<group>";
		};
		7AD9612921993689008C93B2 /* View */ = {
			isa = PBXGroup;
			children = (
				7AD96118219935FE008C93B2 /* Main.storyboard */,
				7AD9612E21993704008C93B2 /* DragonView.h */,
				7AD9612F21993704008C93B2 /* DragonView.m */,
			);
			path = View;
			sourceTree = "<group>";
		};
		7AD9612A2199368D008C93B2 /* Controller */ = {
			isa = PBXGroup;
			children = (
				7AD9612B219936AF008C93B2 /* DragonCurveViewController.h */,
				7AD9612C219936AF008C93B2 /* DragonCurveViewController.m */,
			);
			path = Controller;
			sourceTree = "<group>";
		};
/* End PBXGroup section */

/* Begin PBXNativeTarget section */
		7AD9610E219935FE008C93B2 /* Assignment02 */ = {
			isa = PBXNativeTarget;
			buildConfigurationList = 7AD9612521993600008C93B2 /* Build configuration list for PBXNativeTarget "Assignment02" */;
			buildPhases = (
				7AD9610B219935FE008C93B2 /* Sources */,
				7AD9610C219935FE008C93B2 /* Frameworks */,
				7AD9610D219935FE008C93B2 /* Resources */,
			);
			buildRules = (
			);
			dependencies = (
			);
			name = Assignment02;
			productName = Assignment02;
			productReference = 7AD9610F219935FE008C93B2 /* Assignment02.app */;
			productType = "com.apple.product-type.application";
		};
/* End PBXNativeTarget section */

/* Begin PBXProject section */
		7AD96107219935FE008C93B2 /* Project object */ = {
			isa = PBXProject;
			attributes = {
				LastUpgradeCheck = 1010;
				ORGANIZATIONNAME = JihoonPark;
				TargetAttributes = {
					7AD9610E219935FE008C93B2 = {
						CreatedOnToolsVersion = 10.1;
					};
				};
			};
			buildConfigurationList = 7AD9610A219935FE008C93B2 /* Build configuration list for PBXProject "Assignment02" */;
			compatibilityVersion = "Xcode 9.3";
			developmentRegion = en;
			hasScannedForEncodings = 0;
			knownRegions = (
				en,
				Base,
			);
			mainGroup = 7AD96106219935FE008C93B2;
			productRefGroup = 7AD96110219935FE008C93B2 /* Products */;
			projectDirPath = "";
			projectRoot = "";
			targets = (
				7AD9610E219935FE008C93B2 /* Assignment02 */,
			);
		};
/* End PBXProject section */

/* Begin PBXResourcesBuildPhase section */
		7AD9610D219935FE008C93B2 /* Resources */ = {
			isa = PBXResourcesBuildPhase;
			buildActionMask = 2147483647;
			files = (
				7AD9611F21993600008C93B2 /* LaunchScreen.storyboard in Resources */,
				7AD9611C21993600008C93B2 /* Assets.xcassets in Resources */,
				7AD9611A219935FE008C93B2 /* Main.storyboard in Resources */,
			);
			runOnlyForDeploymentPostprocessing = 0;
		};
/* End PBXResourcesBuildPhase section */

/* Begin PBXSourcesBuildPhase section */
		7AD9610B219935FE008C93B2 /* Sources */ = {
			isa = PBXSourcesBuildPhase;
			buildActionMask = 2147483647;
			files = (
				7AD9612D219936AF008C93B2 /* DragonCurveViewController.m in Sources */,
				7AD9613021993704008C93B2 /* DragonView.m in Sources */,
				7AD9612221993600008C93B2 /* main.m in Sources */,
				7AD96114219935FE008C93B2 /* AppDelegate.m in Sources */,
				7AD9613421993723008C93B2 /* DragonCurve.m in Sources */,
			);
			runOnlyForDeploymentPostprocessing = 0;
		};
/* End PBXSourcesBuildPhase section */

/* Begin PBXVariantGroup section */
		7AD96118219935FE008C93B2 /* Main.storyboard */ = {
			isa = PBXVariantGroup;
			children = (
				7AD96119219935FE008C93B2 /* Base */,
			);
			name = Main.storyboard;
			sourceTree = "<group>";
		};
		7AD9611D21993600008C93B2 /* LaunchScreen.storyboard */ = {
			isa = PBXVariantGroup;
			children = (
				7AD9611E21993600008C93B2 /* Base */,
			);
			name = LaunchScreen.storyboard;
			sourceTree = "<group>";
		};
/* End PBXVariantGroup section */

/* Begin XCBuildConfiguration section */
		7AD9612321993600008C93B2 /* Debug */ = {
			isa = XCBuildConfiguration;
			buildSettings = {
				ALWAYS_SEARCH_USER_PATHS = NO;
				CLANG_ANALYZER_NONNULL = YES;
				CLANG_ANALYZER_NUMBER_OBJECT_CONVERSION = YES_AGGRESSIVE;
				CLANG_CXX_LANGUAGE_STANDARD = "gnu++14";
				CLANG_CXX_LIBRARY = "libc++";
				CLANG_ENABLE_MODULES = YES;
				CLANG_ENABLE_OBJC_ARC = YES;
				CLANG_ENABLE_OBJC_WEAK = YES;
				CLANG_WARN_BLOCK_CAPTURE_AUTORELEASING = YES;
				CLANG_WARN_BOOL_CONVERSION = YES;
				CLANG_WARN_COMMA = YES;
				CLANG_WARN_CONSTANT_CONVERSION = YES;
				CLANG_WARN_DEPRECATED_OBJC_IMPLEMENTATIONS = YES;
				CLANG_WARN_DIRECT_OBJC_ISA_USAGE = YES_ERROR;
				CLANG_WARN_DOCUMENTATION_COMMENTS = YES;
				CLANG_WARN_EMPTY_BODY = YES;
				CLANG_WARN_ENUM_CONVERSION = YES;
				CLANG_WARN_INFINITE_RECURSION = YES;
				CLANG_WARN_INT_CONVERSION = YES;
				CLANG_WARN_NON_LITERAL_NULL_CONVERSION = YES;
				CLANG_WARN_OBJC_IMPLICIT_RETAIN_SELF = YES;
				CLANG_WARN_OBJC_LITERAL_CONVERSION = YES;
				CLANG_WARN_OBJC_ROOT_CLASS = YES_ERROR;
				CLANG_WARN_RANGE_LOOP_ANALYSIS = YES;
				CLANG_WARN_STRICT_PROTOTYPES = YES;
				CLANG_WARN_SUSPICIOUS_MOVE = YES;
				CLANG_WARN_UNGUARDED_AVAILABILITY = YES_AGGRESSIVE;
				CLANG_WARN_UNREACHABLE_CODE = YES;
				CLANG_WARN__DUPLICATE_METHOD_MATCH = YES;
				CODE_SIGN_IDENTITY = "iPhone Developer";
				COPY_PHASE_STRIP = NO;
				DEBUG_INFORMATION_FORMAT = dwarf;
				ENABLE_STRICT_OBJC_MSGSEND = YES;
				ENABLE_TESTABILITY = YES;
				GCC_C_LANGUAGE_STANDARD = gnu11;
				GCC_DYNAMIC_NO_PIC = NO;
				GCC_NO_COMMON_BLOCKS = YES;
				GCC_OPTIMIZATION_LEVEL = 0;
				GCC_PREPROCESSOR_DEFINITIONS = (
					"DEBUG=1",
					"$(inherited)",
				);
				GCC_WARN_64_TO_32_BIT_CONVERSION = YES;
				GCC_WARN_ABOUT_RETURN_TYPE = YES_ERROR;
				GCC_WARN_UNDECLARED_SELECTOR = YES;
				GCC_WARN_UNINITIALIZED_AUTOS = YES_AGGRESSIVE;
				GCC_WARN_UNUSED_FUNCTION = YES;
				GCC_WARN_UNUSED_VARIABLE = YES;
				IPHONEOS_DEPLOYMENT_TARGET = 12.1;
				MTL_ENABLE_DEBUG_INFO = INCLUDE_SOURCE;
				MTL_FAST_MATH = YES;
				ONLY_ACTIVE_ARCH = YES;
				SDKROOT = iphoneos;
			};
			name = Debug;
		};
		7AD9612421993600008C93B2 /* Release */ = {
			isa = XCBuildConfiguration;
			buildSettings = {
				ALWAYS_SEARCH_USER_PATHS = NO;
				CLANG_ANALYZER_NONNULL = YES;
				CLANG_ANALYZER_NUMBER_OBJECT_CONVERSION = YES_AGGRESSIVE;
				CLANG_CXX_LANGUAGE_STANDARD = "gnu++14";
				CLANG_CXX_LIBRARY = "libc++";
				CLANG_ENABLE_MODULES = YES;
				CLANG_ENABLE_OBJC_ARC = YES;
				CLANG_ENABLE_OBJC_WEAK = YES;
				CLANG_WARN_BLOCK_CAPTURE_AUTORELEASING = YES;
				CLANG_WARN_BOOL_CONVERSION = YES;
				CLANG_WARN_COMMA = YES;
				CLANG_WARN_CONSTANT_CONVERSION = YES;
				CLANG_WARN_DEPRECATED_OBJC_IMPLEMENTATIONS = YES;
				CLANG_WARN_DIRECT_OBJC_ISA_USAGE = YES_ERROR;
				CLANG_WARN_DOCUMENTATION_COMMENTS = YES;
				CLANG_WARN_EMPTY_BODY = YES;
				CLANG_WARN_ENUM_CONVERSION = YES;
				CLANG_WARN_INFINITE_RECURSION = YES;
				CLANG_WARN_INT_CONVERSION = YES;
				CLANG_WARN_NON_LITERAL_NULL_CONVERSION = YES;
				CLANG_WARN_OBJC_IMPLICIT_RETAIN_SELF = YES;
				CLANG_WARN_OBJC_LITERAL_CONVERSION = YES;
				CLANG_WARN_OBJC_ROOT_CLASS = YES_ERROR;
				CLANG_WARN_RANGE_LOOP_ANALYSIS = YES;
				CLANG_WARN_STRICT_PROTOTYPES = YES;
				CLANG_WARN_SUSPICIOUS_MOVE = YES;
				CLANG_WARN_UNGUARDED_AVAILABILITY = YES_AGGRESSIVE;
				CLANG_WARN_UNREACHABLE_CODE = YES;
				CLANG_WARN__DUPLICATE_METHOD_MATCH = YES;
				CODE_SIGN_IDENTITY = "iPhone Developer";
				COPY_PHASE_STRIP = NO;
				DEBUG_INFORMATION_FORMAT = "dwarf-with-dsym";
				ENABLE_NS_ASSERTIONS = NO;
				ENABLE_STRICT_OBJC_MSGSEND = YES;
				GCC_C_LANGUAGE_STANDARD = gnu11;
				GCC_NO_COMMON_BLOCKS = YES;
				GCC_WARN_64_TO_32_BIT_CONVERSION = YES;
				GCC_WARN_ABOUT_RETURN_TYPE = YES_ERROR;
				GCC_WARN_UNDECLARED_SELECTOR = YES;
				GCC_WARN_UNINITIALIZED_AUTOS = YES_AGGRESSIVE;
				GCC_WARN_UNUSED_FUNCTION = YES;
				GCC_WARN_UNUSED_VARIABLE = YES;
				IPHONEOS_DEPLOYMENT_TARGET = 12.1;
				MTL_ENABLE_DEBUG_INFO = NO;
				MTL_FAST_MATH = YES;
				SDKROOT = iphoneos;
				VALIDATE_PRODUCT = YES;
			};
			name = Release;
		};
		7AD9612621993600008C93B2 /* Debug */ = {
			isa = XCBuildConfiguration;
			buildSettings = {
				ASSETCATALOG_COMPILER_APPICON_NAME = AppIcon;
				CODE_SIGN_STYLE = Automatic;
				DEVELOPMENT_TEAM = Z73D4U4HW8;
				INFOPLIST_FILE = Assignment02/Info.plist;
				LD_RUNPATH_SEARCH_PATHS = (
					"$(inherited)",
					"@executable_path/Frameworks",
				);
				PRODUCT_BUNDLE_IDENTIFIER = cnu.201402356.Assignment02;
				PRODUCT_NAME = "$(TARGET_NAME)";
				TARGETED_DEVICE_FAMILY = "1,2";
			};
			name = Debug;
		};
		7AD9612721993600008C93B2 /* Release */ = {
			isa = XCBuildConfiguration;
			buildSettings = {
				ASSETCATALOG_COMPILER_APPICON_NAME = AppIcon;
				CODE_SIGN_STYLE = Automatic;
				DEVELOPMENT_TEAM = Z73D4U4HW8;
				INFOPLIST_FILE = Assignment02/Info.plist;
				LD_RUNPATH_SEARCH_PATHS = (
					"$(inherited)",
					"@executable_path/Frameworks",
				);
				PRODUCT_BUNDLE_IDENTIFIER = cnu.201402356.Assignment02;
				PRODUCT_NAME = "$(TARGET_NAME)";
				TARGETED_DEVICE_FAMILY = "1,2";
			};
			name = Release;
		};
/* End XCBuildConfiguration section */

/* Begin XCConfigurationList section */
		7AD9610A219935FE008C93B2 /* Build configuration list for PBXProject "Assignment02" */ = {
			isa = XCConfigurationList;
			buildConfigurations = (
				7AD9612321993600008C93B2 /* Debug */,
				7AD9612421993600008C93B2 /* Release */,
			);
			defaultConfigurationIsVisible = 0;
			defaultConfigurationName = Release;
		};
		7AD9612521993600008C93B2 /* Build configuration list for PBXNativeTarget "Assignment02" */ = {
			isa = XCConfigurationList;
			buildConfigurations = (
				7AD9612621993600008C93B2 /* Debug */,
				7AD9612721993600008C93B2 /* Release */,
			);
			defaultConfigurationIsVisible = 0;
			defaultConfigurationName = Release;
		};
/* End XCConfigurationList section */
	};
	rootObject = 7AD96107219935FE008C93B2 /* Project object */;
}
